
Microsoft Visual Studio Solution File, Format Version 12.00
# Visual Studio Version 17
VisualStudioVersion = 17.5.002.0
MinimumVisualStudioVersion = 10.0.40219.1
Project("{9A19103F-16F7-4668-BE54-9A1E7A4F7556}") = "PlaywrightTests", "PlaywrightTests\PlaywrightTests.csproj", "{840B058A-B70E-44E3-A665-F50F7709BB16}"
EndProject
Global
	GlobalSection(SolutionConfigurationPlatforms) = preSolution
		Debug|Any CPU = Debug|Any CPU
		Release|Any CPU = Release|Any CPU
	EndGlobalSection
	GlobalSection(ProjectConfigurationPlatforms) = postSolution
		{840B058A-B70E-44E3-A665-F50F7709BB16}.Debug|Any CPU.ActiveCfg = Debug|Any CPU
		{840B058A-B70E-44E3-A665-F50F7709BB16}.Debug|Any CPU.Build.0 = Debug|Any CPU
		{840B058A-B70E-44E3-A665-F50F7709BB16}.Release|Any CPU.ActiveCfg = Release|Any CPU
		{840B058A-B70E-44E3-A665-F50F7709BB16}.Release|Any CPU.Build.0 = Release|Any CPU
	EndGlobalSection
	GlobalSection(SolutionProperties) = preSolution
		HideSolutionNode = FALSE
	EndGlobalSection
	GlobalSection(ExtensibilityGlobals) = postSolution
		SolutionGuid = {224C9953-B93D-4B52-B198-4230EC459912}
	EndGlobalSection
EndGlobal
